
Microsoft Visual Studio Solution File, Format Version 12.00
# Visual Studio 15
Project("{FAE04EC0-301F-11D3-BF4B-00C04F79EFBC}") = "Assembly-CSharp", "Assembly-CSharp.csproj", "{5722720B-2FEC-B5CA-AA0E-B7EC45755293}"
EndProject
Project("{FAE04EC0-301F-11D3-BF4B-00C04F79EFBC}") = "Assembly-CSharp-Editor", "Assembly-CSharp-Editor.csproj", "{7C49C131-1029-35EB-F15A-7679B337E5DD}"
EndProject
Global
	GlobalSection(SolutionConfigurationPlatforms) = preSolution
		Debug|Any CPU = Debug|Any CPU
		Release|Any CPU = Release|Any CPU
	EndGlobalSection
	GlobalSection(ProjectConfigurationPlatforms) = postSolution
		{5722720B-2FEC-B5CA-AA0E-B7EC45755293}.Debug|Any CPU.ActiveCfg = Debug|Any CPU
		{5722720B-2FEC-B5CA-AA0E-B7EC45755293}.Debug|Any CPU.Build.0 = Debug|Any CPU
		{5722720B-2FEC-B5CA-AA0E-B7EC45755293}.Release|Any CPU.ActiveCfg = Release|Any CPU
		{5722720B-2FEC-B5CA-AA0E-B7EC45755293}.Release|Any CPU.Build.0 = Release|Any CPU
		{7C49C131-1029-35EB-F15A-7679B337E5DD}.Debug|Any CPU.ActiveCfg = Debug|Any CPU
		{7C49C131-1029-35EB-F15A-7679B337E5DD}.Debug|Any CPU.Build.0 = Debug|Any CPU
		{7C49C131-1029-35EB-F15A-7679B337E5DD}.Release|Any CPU.ActiveCfg = Release|Any CPU
		{7C49C131-1029-35EB-F15A-7679B337E5DD}.Release|Any CPU.Build.0 = Release|Any CPU
	EndGlobalSection
	GlobalSection(SolutionProperties) = preSolution
		HideSolutionNode = FALSE
	EndGlobalSection
EndGlobal
